# THIS IS AN AUTOGENERATED FILE. DO NOT EDIT THIS FILE DIRECTLY.
# yarn lockfile v1


bowser@^1.7.3:
  version "1.9.4"
  resolved "https://registry.npm.taobao.org/bowser/download/bowser-1.9.4.tgz?cache=0&sync_timestamp=1580252862746&other_urls=https%3A%2F%2Fregistry.npm.taobao.org%2Fbowser%2Fdownload%2Fbowser-1.9.4.tgz#890c58a2813a9d3243704334fa81b96a5c150c9a"
  integrity sha1-iQxYooE6nTJDcEM0+oG5alwVDJo=

css-in-js-utils@^2.0.0:
  version "2.0.1"
  resolved "https://registry.npm.taobao.org/css-in-js-utils/download/css-in-js-utils-2.0.1.tgz#3b472b398787291b47cfe3e44fecfdd9e914ba99"
  integrity sha1-O0crOYeHKRtHz+PkT+z92ekUupk=
  dependencies:
    hyphenate-style-name "^1.0.2"
    isobject "^3.0.1"

exenv@^1.2.1:
  version "1.2.2"
  resolved "https://registry.npm.taobao.org/exenv/download/exenv-1.2.2.tgz#2ae78e85d9894158670b03d47bec1f03bd91bb9d"
  integrity sha1-KueOhdmJQVhnCwPUe+wfA72Ru50=

hoist-non-react-statics@3.3.0:
  version "3.3.0"
  resolved "https://registry.npm.taobao.org/hoist-non-react-statics/download/hoist-non-react-statics-3.3.0.tgz#b09178f0122184fb95acf525daaecb4d8f45958b"
  integrity sha1-sJF48BIhhPuVrPUl2q7LTY9FlYs=
  dependencies:
    react-is "^16.7.0"

hyphenate-style-name@^1.0.2:
  version "1.0.3"
  resolved "https://registry.npm.taobao.org/hyphenate-style-name/download/hyphenate-style-name-1.0.3.tgz#097bb7fa0b8f1a9cf0bd5c734cf95899981a9b48"
  integrity sha1-CXu3+guPGpzwvVxzTPlYmZgam0g=

inline-style-prefixer@^4.0.0:
  version "4.0.2"
  resolved "https://registry.npm.taobao.org/inline-style-prefixer/download/inline-style-prefixer-4.0.2.tgz?cache=0&sync_timestamp=1584952713897&other_urls=https%3A%2F%2Fregistry.npm.taobao.org%2Finline-style-prefixer%2Fdownload%2Finline-style-prefixer-4.0.2.tgz#d390957d26f281255fe101da863158ac6eb60911"
  integrity sha1-05CVfSbygSVf4QHahjFYrG62CRE=
  dependencies:
    bowser "^1.7.3"
    css-in-js-utils "^2.0.0"

isobject@^3.0.1:
  version "3.0.1"
  resolved "https://registry.npm.taobao.org/isobject/download/isobject-3.0.1.tgz#4e431e92b11a9731636aa1f9c8d1ccbcfdab78df"
  integrity sha1-TkMekrEalzFjaqH5yNHMvP2reN8=

"js-tokens@^3.0.0 || ^4.0.0":
  version "4.0.0"
  resolved "https://registry.npm.taobao.org/js-tokens/download/js-tokens-4.0.0.tgz?cache=0&sync_timestamp=1586796260005&other_urls=https%3A%2F%2Fregistry.npm.taobao.org%2Fjs-tokens%2Fdownload%2Fjs-tokens-4.0.0.tgz#19203fb59991df98e3a287050d4647cdeaf32499"
  integrity sha1-GSA/tZmR35jjoocFDUZHzerzJJk=

loose-envify@^1.4.0:
  version "1.4.0"
  resolved "https://registry.npm.taobao.org/loose-envify/download/loose-envify-1.4.0.tgz#71ee51fa7be4caec1a63839f7e682d8132d30caf"
  integrity sha1-ce5R+nvkyuwaY4OffmgtgTLTDK8=
  dependencies:
    js-tokens "^3.0.0 || ^4.0.0"

object-assign@^4.1.1:
  version "4.1.1"
  resolved "https://registry.npm.taobao.org/object-assign/download/object-assign-4.1.1.tgz?cache=0&sync_timestamp=1571657171505&other_urls=https%3A%2F%2Fregistry.npm.taobao.org%2Fobject-assign%2Fdownload%2Fobject-assign-4.1.1.tgz#2109adc7965887cfc05cbbd442cac8bfbb360863"
  integrity sha1-IQmtx5ZYh8/AXLvUQsrIv7s2CGM=

prop-types@^15.5.8:
  version "15.7.2"
  resolved "https://registry.npm.taobao.org/prop-types/download/prop-types-15.7.2.tgz#52c41e75b8c87e72b9d9360e0206b99dcbffa6c5"
  integrity sha1-UsQedbjIfnK52TYOAga5ncv/psU=
  dependencies:
    loose-envify "^1.4.0"
    object-assign "^4.1.1"
    react-is "^16.8.1"

radium@^0.26.0:
  version "0.26.0"
  resolved "https://registry.npm.taobao.org/radium/download/radium-0.26.0.tgz#3f5107e35da257abbcfafb486f11ca2ce99f1b0b"
  integrity sha1-P1EH412iV6u8+vtIbxHKLOmfGws=
  dependencies:
    exenv "^1.2.1"
    hoist-non-react-statics "3.3.0"
    inline-style-prefixer "^4.0.0"
    prop-types "^15.5.8"

react-is@^16.7.0, react-is@^16.8.1:
  version "16.13.1"
  resolved "https://registry.npm.taobao.org/react-is/download/react-is-16.13.1.tgz#789729a4dc36de2999dc156dd6c1d9c18cea56a4"
  integrity sha1-eJcppNw23imZ3BVt1sHZwYzqVqQ=
